
Microsoft Visual Studio Solution File, Format Version 12.00
# Visual Studio Version 17
VisualStudioVersion = 17.6.33829.357
MinimumVisualStudioVersion = 10.0.40219.1
Project("{FAE04EC0-301F-11D3-BF4B-00C04F79EFBC}") = "ConsoleApp1", "ConsoleApp1.csproj", "{9313CD5E-0531-4CCA-9E3A-26CF078A354D}"
EndProject
Global
	GlobalSection(SolutionConfigurationPlatforms) = preSolution
		Debug|Any CPU = Debug|Any CPU
		Release|Any CPU = Release|Any CPU
	EndGlobalSection
	GlobalSection(ProjectConfigurationPlatforms) = postSolution
		{9313CD5E-0531-4CCA-9E3A-26CF078A354D}.Debug|Any CPU.ActiveCfg = Debug|Any CPU
		{9313CD5E-0531-4CCA-9E3A-26CF078A354D}.Debug|Any CPU.Build.0 = Debug|Any CPU
		{9313CD5E-0531-4CCA-9E3A-26CF078A354D}.Release|Any CPU.ActiveCfg = Release|Any CPU
		{9313CD5E-0531-4CCA-9E3A-26CF078A354D}.Release|Any CPU.Build.0 = Release|Any CPU
	EndGlobalSection
	GlobalSection(SolutionProperties) = preSolution
		HideSolutionNode = FALSE
	EndGlobalSection
	GlobalSection(ExtensibilityGlobals) = postSolution
		SolutionGuid = {2AC1E560-A039-4B78-B8C3-86992DAB37E6}
	EndGlobalSection
EndGlobal
